---
lockfileVersion: '9.0'

importers:

  .:
    configDependencies: {}
    packageManagerDependencies:
      pnpm:
        specifier: 12.1.0
        version: 12.1.0

packages:

  '@pnpm/exe.darwin-arm64@12.1.0':
    resolution: {integrity: sha512-9K+uSnTsJe9zD/YCMPiQDiwU8IiQRp+ZEE9IyVSr0Ppzfg5/xC0pwet2R320ifDIMroT3WYLkCEolV6XxtSS/g==}
    cpu: [arm64]
    os: [darwin]

  '@pnpm/exe.darwin-x64@12.1.0':
    resolution: {integrity: sha512-JcOc77W/KLg5ZZXr7q0WN8UDKirxQTuoaTkqRfMNkGyUHc/4bfNxLwjoZBilRQV6xmhJvU79ZUg++eYohzJhog==}
    cpu: [x64]
    os: [darwin]

  '@pnpm/exe.linux-arm64-musl@12.1.0':
    resolution: {integrity: sha512-RVJlfI4T2l6XXA5s/Wv9HHEq4ztIq79fiZXDVHyHaKEbp+11ZM5k61z0gaGzXCEGUp5anW2Uc3UgQpmjAR+IPw==}
    cpu: [arm64]
    os: [linux]
    libc: [musl]

  '@pnpm/exe.linux-arm64@12.1.0':
    resolution: {integrity: sha512-iLEE0ykaRZ3/OBhIjwe/Zo96ac0c7pY7toyf6+jUN8gOsIIwJTS+AqSyOy+U1Zyhuuec8nJiRQ4URl60nRxTwA==}
    cpu: [arm64]
    os: [linux]
    libc: [glibc]

  '@pnpm/exe.linux-x64-musl@12.1.0':
    resolution: {integrity: sha512-k+NUTRbz2CR9DBvGyAdtXU5HHPXytxi9MQ79uQRYNLF8nr/l1qHo++TvZ0OUuEpRxhg9B3n84Itv6MAHJR7TQQ==}
    cpu: [x64]
    os: [linux]
    libc: [musl]

  '@pnpm/exe.linux-x64@12.1.0':
    resolution: {integrity: sha512-GTi1DEM8vwIWpgC8P+xhw3Y2Ko2V88WtKAjbNwdeJAzMpzmcBeE4f0c2QKmeKpvi8/eYarxSIvBhYkTjA1BAcQ==}
    cpu: [x64]
    os: [linux]
    libc: [glibc]

  '@pnpm/exe.win32-arm64@12.1.0':
    resolution: {integrity: sha512-cK6kklZY8rs3d9gg8akGUgjDenFy65ZSAANXojs98d7Ne7gbzZYzU2joHRRilfpzCfawgG+lpPsh46a4xu55jQ==}
    cpu: [arm64]
    os: [win32]

  '@pnpm/exe.win32-x64@12.1.0':
    resolution: {integrity: sha512-Pk7Lvq3E5PWQFRJLLnLgW2qJAphtgPYCaaODB+FZRRvKksn8IPnF8Aj+/AT4+52GmckiANTbKwCsL18naJhohw==}
    cpu: [x64]
    os: [win32]

  pnpm@12.1.0:
    resolution: {integrity: sha512-2bgnbZf27IbkmBWHf5Hun2PO5h8gY7ME5Dttq4+gfOipr9RtL6zTn5Ieap0Gs8dagTSce4iMLSKIa64CKZAQNw==}
    engines: {node: '>=18.*'}
    hasBin: true

snapshots:

  '@pnpm/exe.darwin-arm64@12.1.0':
    optional: true

  '@pnpm/exe.darwin-x64@12.1.0':
    optional: true

  '@pnpm/exe.linux-arm64-musl@12.1.0':
    optional: true

  '@pnpm/exe.linux-arm64@12.1.0':
    optional: true

  '@pnpm/exe.linux-x64-musl@12.1.0':
    optional: true

  '@pnpm/exe.linux-x64@12.1.0':
    optional: true

  '@pnpm/exe.win32-arm64@12.1.0':
    optional: true

  '@pnpm/exe.win32-x64@12.1.0':
    optional: true

  pnpm@12.1.0:
    optionalDependencies:
      '@pnpm/exe.darwin-arm64': 12.1.0
      '@pnpm/exe.darwin-x64': 12.1.0
      '@pnpm/exe.linux-arm64': 12.1.0
      '@pnpm/exe.linux-arm64-musl': 12.1.0
      '@pnpm/exe.linux-x64': 12.1.0
      '@pnpm/exe.linux-x64-musl': 12.1.0
      '@pnpm/exe.win32-arm64': 12.1.0
      '@pnpm/exe.win32-x64': 12.1.0

---
lockfileVersion: '9.0'

settings:
  autoInstallPeers: true
  excludeLinksFromLockfile: false

importers:

  .:
    dependencies:
      '@8bitscript/atari8':
        specifier: 0.1.2
        version: 0.1.2
      '@8bitscript/c128':
        specifier: 0.1.2
        version: 0.1.2
      '@8bitscript/c64':
        specifier: 0.1.2
        version: 0.1.2
      '@8bitscript/cx16':
        specifier: 0.1.2
        version: 0.1.2
      '@8bitscript/input':
        specifier: 0.1.2
        version: 0.1.2
      '@8bitscript/mega65':
        specifier: 0.1.2
        version: 0.1.2
      '@8bitscript/nes':
        specifier: 0.1.2
        version: 0.1.2
      '@8bitscript/pet':
        specifier: 0.1.2
        version: 0.1.2
      '@8bitscript/random':
        specifier: 0.1.2
        version: 0.1.2
      '@8bitscript/screen':
        specifier: 0.1.2
        version: 0.1.2
      '@8bitscript/system':
        specifier: 0.1.2
        version: 0.1.2
      '@8bitscript/text':
        specifier: 0.1.2
        version: 0.1.2
      '@8bitscript/vic20':
        specifier: 0.1.2
        version: 0.1.2
      '@8bitscript/web':
        specifier: 0.1.2
        version: 0.1.2
    devDependencies:
      '@8bitscript/cli':
        specifier: 0.1.2
        version: 0.1.2

packages:

  '@8bitscript/atari8@0.1.2':
    resolution: {integrity: sha512-kho85Xi3FA0Opw4P5pVbyfPbBsaL/CT6BnYMr2jkfe9aIZv4nV3W//s/rqJv2bsrBgPmQl3SVFww2PR5Bov0Uw==}

  '@8bitscript/backend-6502@0.1.2':
    resolution: {integrity: sha512-SeqJgwbzlgnEDf3wSXXd2vp0/MMYrZhZuKHagUV6UO15VKMZ9qcnqtqdiS+1n1+dcO6i0PtBBzjWAM181QGY1w==}
    engines: {node: '>=26'}

  '@8bitscript/backend-web@0.1.2':
    resolution: {integrity: sha512-k1iJ2/KONXvjYmswWPWwUM8ZxZ3Xlj3WxEIaMXCNpQoZpDISfIjtNLVKXVCCr66RFmeojaqVaI9cj1hRh7c1LQ==}
    engines: {node: '>=26'}

  '@8bitscript/c128@0.1.2':
    resolution: {integrity: sha512-WHCI7bkObme5UjUFZ9F6i9k2Cp/vZmGWrGCdIvnJ3A8zy4CZEHJPegTJ/C+4Gw52n8bYYaTcYZFXGT8IaOpo+A==}

  '@8bitscript/c64@0.1.2':
    resolution: {integrity: sha512-Kimoxc90T25fRIKzq1rI9izY/qwPwp4NV4FcZqUudNZMTjbdhbBLMrWUUSaEDShU3Z7RXHBvIDsbmKZFJqq+CQ==}

  '@8bitscript/cli@0.1.2':
    resolution: {integrity: sha512-sXpKiG0hMJ/KBJTGcRCyYLTGgCJzun/EL2ghey4mtbynKl0nLocsxcPzMO360rV8sqFFdhQ9R+Dat9XHZFqllg==}
    engines: {node: '>=26'}
    hasBin: true

  '@8bitscript/compiler@0.1.2':
    resolution: {integrity: sha512-99r7JcUA9WKCUfawE5+k4ehArHbnkR1VqskpaNjAkeLUqtKsXNs5dSZtoNArjae7P1q2V1SjL51yop6FGWLNKQ==}
    engines: {node: '>=26'}

  '@8bitscript/cx16@0.1.2':
    resolution: {integrity: sha512-GdCBVMiSaLeAHs4OZjxpqRFcaR3PVRJd/QV8c1FeO9eqton7xfN/yj7RsAXt+yvDo8ewRHreXbmJMHJdlxtrkA==}

  '@8bitscript/input@0.1.2':
    resolution: {integrity: sha512-YGa+qSN7n4zPf7WokMYs/ATaeSv0JrA7wjrDunOCrfWjqLElCv0rsadnuLQZBm7iR9BxAZTI9fF97+0lrooijw==}

  '@8bitscript/language-server@0.1.2':
    resolution: {integrity: sha512-pn71Qlu/ficzCmpRgSmi9+WGkdoTFU9tA/goKOIhGSkdP42IAZo08LgIgOwIp8zgFnFyCPULr35WjdtRDwdbXw==}
    engines: {node: '>=26'}

  '@8bitscript/mega65@0.1.2':
    resolution: {integrity: sha512-r3A9W1SO6mEqp4BDPb6o/jkAwrzvVFtFe2r41MZxuNdwkJXvosHSguEmcho2XA5C7ZMk4xQ0uJjS9h5OnATgUA==}

  '@8bitscript/nes@0.1.2':
    resolution: {integrity: sha512-6jDM/ucTqj+WL6hEdXK/MxJBn+FEw2OgsvLdVQOU5RzAQdTPiWHuXEqIjW8Qg3v8MokBjgKRIUqF2UvyHYY60A==}

  '@8bitscript/pet@0.1.2':
    resolution: {integrity: sha512-OhkXody/Cy/wyPZCXmpHiZwW2kyyHLO4Vc/d9faZLDq8CTeRL9woB0N3UMOiaIjfzHD+ZjHDr+4RYV8yhiIFpQ==}

  '@8bitscript/pointer@0.1.2':
    resolution: {integrity: sha512-/c21hXcQVHZ20Sx+MicpYhEWneBtpPAYt38fislEYXJ9TpasrJ7sT/u5wkaZ5CTYGW/lI1iK9vq+5jRtxgnCQA==}

  '@8bitscript/random@0.1.2':
    resolution: {integrity: sha512-WJFKpbCOIwl5c79RiIfVg3dGNfRlooZ1c9Drx2Bm0nVHM1k8GlIDumvq4+E9WOPShOurIRpiRLM+EtsvZ02l0w==}

  '@8bitscript/screen@0.1.2':
    resolution: {integrity: sha512-WoA2POdAamX1RwE3AZWJcLMf63q/HoMYm987vIy8MN/jzuJRaKfbgvjp/pZGD9RyLGVsiH0A/VeFuOduqV+LvQ==}

  '@8bitscript/studio@0.1.2':
    resolution: {integrity: sha512-9+R2QvwOegIQUw4LUy7sL9owvTUnIxn8wer4xoF3cdU7pHrrJWFbMhSi17rsWJGtMM/t2lf0kxwd/qCzQ7yi0Q==}

  '@8bitscript/system@0.1.2':
    resolution: {integrity: sha512-lZB8rpU8D2j8sQUWdwGhsF2jwsPADcnI4ub2PjbrR7yHmqLEHuch1ZFN2/GsUpkRgnTMrVFEBk3uywWo/m4/Eg==}

  '@8bitscript/text@0.1.2':
    resolution: {integrity: sha512-V4xa9EehrUXoCSOAfZWW/R0Gt4xhRHmOR6yXssjA7X0gamL67Fnyfzjg5BuQUkR0GMMIr36TuZ2gTgWQDWr4Pw==}

  '@8bitscript/ui@0.1.2':
    resolution: {integrity: sha512-CZyMH7UI5YxECKbvqsSMe3CbVRqLNmCNQS0lq5/HHOkjH1BjRZNkBFcnTqikGxYKGbcoVKZ7Mb8QKNM2UUmjew==}

  '@8bitscript/vic20@0.1.2':
    resolution: {integrity: sha512-5/0EXjahOLSVfknhVRIANmd6q0r6wQufIHbnl09zHoA4bDlw9PuHGgOSr240Y4JRyo26kAdye/8PrzesD/8jxw==}

  '@8bitscript/web@0.1.2':
    resolution: {integrity: sha512-ePZY94wq6Sm0hD8aRHEiwnIuYOptX9U0xBO2VzrEPLlfepsg4+oN2G2d/iq4MXJhRm7WDaFctqYRHwFLpXId3Q==}

  assemblyscript@0.28.20:
    resolution: {integrity: sha512-5PM7GZpvcLypHcLmi30aP8mqm5HjU+LL3BdV1xDyA3USGtL2w+iMiUnhtH+vW8+2kOuHlAyPu7M+QgyEw5he1g==}
    engines: {node: '>=20', npm: '>=10'}
    hasBin: true

  binaryen@131.0.0-nightly.20260721:
    resolution: {integrity: sha512-AAQIkhfbYXh4FBObwBrlO+5L+6Rp6OOMOjh6AdT0M+GLNLyrwKWgtW+EzmizNgx9CWDfTJPfDtKoZi62QESbtg==}
    hasBin: true

  long@5.3.2:
    resolution: {integrity: sha512-mNAgZ1GmyNhD7AuqnTG3/VQ26o760+ZYBPKjPvugO8+nLbYfX6TVpJPseBvopbdY+qpZ/lKUnmEc1LeZYS3QAA==}

  vscode-jsonrpc@9.0.2:
    resolution: {integrity: sha512-SbQSV9yRemARxeXw6LU5sS6Zq0e9/DgCCX5yelH263ZQWukbTk8EF8fjTrr1dziasf4GwlJbvTwFnTrnQFWZXQ==}
    engines: {node: '>=14.0.0'}

  vscode-languageserver-protocol@3.18.3:
    resolution: {integrity: sha512-DF49+WeV5py4zO5hhobp60jjsDSK0lAqA0OuKBLBvp423HPWQcCbhZz3JgyfIewsEz2f8U+X75xNIFHdiXZm2w==}

  vscode-languageserver-textdocument@1.0.14:
    resolution: {integrity: sha512-EQyqJMi552E4ZTf46izQ4Fj6XquqxCySR3J5ZSD1SisMf6RfpeOWHxGBE8Gr6V0/3GHIGdAzDn8F8+1nTGCnoQ==}

  vscode-languageserver-types@3.18.3:
    resolution: {integrity: sha512-XIlzJ7Qp/jzSI1ds7/FwPAWrPeTZA7pAtlW4hdJ1J6xXWJL6dR9QYnDhJOdLzdKhUQ5Mm6mvUMw+3DcOQQasPw==}

  vscode-languageserver@10.1.1:
    resolution: {integrity: sha512-/cG04Fiq99rEtoDrfPpv0k6NyUFlck5GNtZLQZv1rxkBkc/4FrJNvEKTN5k1Si3O1hRguP++ciYlX9cdjdYxFQ==}
    hasBin: true

snapshots:

  '@8bitscript/atari8@0.1.2': {}

  '@8bitscript/backend-6502@0.1.2':
    dependencies:
      '@8bitscript/compiler': 0.1.2

  '@8bitscript/backend-web@0.1.2':
    dependencies:
      '@8bitscript/compiler': 0.1.2
      assemblyscript: 0.28.20

  '@8bitscript/c128@0.1.2': {}

  '@8bitscript/c64@0.1.2': {}

  '@8bitscript/cli@0.1.2':
    dependencies:
      '@8bitscript/atari8': 0.1.2
      '@8bitscript/backend-6502': 0.1.2
      '@8bitscript/backend-web': 0.1.2
      '@8bitscript/c128': 0.1.2
      '@8bitscript/c64': 0.1.2
      '@8bitscript/compiler': 0.1.2
      '@8bitscript/cx16': 0.1.2
      '@8bitscript/language-server': 0.1.2
      '@8bitscript/mega65': 0.1.2
      '@8bitscript/nes': 0.1.2
      '@8bitscript/pet': 0.1.2
      '@8bitscript/studio': 0.1.2
      '@8bitscript/vic20': 0.1.2
      '@8bitscript/web': 0.1.2

  '@8bitscript/compiler@0.1.2': {}

  '@8bitscript/cx16@0.1.2': {}

  '@8bitscript/input@0.1.2':
    dependencies:
      '@8bitscript/atari8': 0.1.2
      '@8bitscript/c128': 0.1.2
      '@8bitscript/c64': 0.1.2
      '@8bitscript/cx16': 0.1.2
      '@8bitscript/mega65': 0.1.2
      '@8bitscript/nes': 0.1.2
      '@8bitscript/pet': 0.1.2
      '@8bitscript/vic20': 0.1.2
      '@8bitscript/web': 0.1.2

  '@8bitscript/language-server@0.1.2':
    dependencies:
      '@8bitscript/compiler': 0.1.2
      vscode-languageserver: 10.1.1
      vscode-languageserver-textdocument: 1.0.14

  '@8bitscript/mega65@0.1.2': {}

  '@8bitscript/nes@0.1.2': {}

  '@8bitscript/pet@0.1.2': {}

  '@8bitscript/pointer@0.1.2':
    dependencies:
      '@8bitscript/atari8': 0.1.2
      '@8bitscript/c128': 0.1.2
      '@8bitscript/c64': 0.1.2
      '@8bitscript/cx16': 0.1.2
      '@8bitscript/input': 0.1.2
      '@8bitscript/mega65': 0.1.2
      '@8bitscript/nes': 0.1.2
      '@8bitscript/pet': 0.1.2
      '@8bitscript/text': 0.1.2
      '@8bitscript/vic20': 0.1.2
      '@8bitscript/web': 0.1.2

  '@8bitscript/random@0.1.2': {}

  '@8bitscript/screen@0.1.2':
    dependencies:
      '@8bitscript/atari8': 0.1.2
      '@8bitscript/c128': 0.1.2
      '@8bitscript/c64': 0.1.2
      '@8bitscript/cx16': 0.1.2
      '@8bitscript/mega65': 0.1.2
      '@8bitscript/nes': 0.1.2
      '@8bitscript/pet': 0.1.2
      '@8bitscript/vic20': 0.1.2
      '@8bitscript/web': 0.1.2

  '@8bitscript/studio@0.1.2':
    dependencies:
      '@8bitscript/input': 0.1.2
      '@8bitscript/pointer': 0.1.2
      '@8bitscript/screen': 0.1.2
      '@8bitscript/system': 0.1.2
      '@8bitscript/text': 0.1.2
      '@8bitscript/ui': 0.1.2

  '@8bitscript/system@0.1.2': {}

  '@8bitscript/text@0.1.2':
    dependencies:
      '@8bitscript/atari8': 0.1.2
      '@8bitscript/c128': 0.1.2
      '@8bitscript/c64': 0.1.2
      '@8bitscript/cx16': 0.1.2
      '@8bitscript/mega65': 0.1.2
      '@8bitscript/nes': 0.1.2
      '@8bitscript/pet': 0.1.2
      '@8bitscript/vic20': 0.1.2
      '@8bitscript/web': 0.1.2

  '@8bitscript/ui@0.1.2':
    dependencies:
      '@8bitscript/text': 0.1.2

  '@8bitscript/vic20@0.1.2': {}

  '@8bitscript/web@0.1.2': {}

  assemblyscript@0.28.20:
    dependencies:
      binaryen: 131.0.0-nightly.20260721
      long: 5.3.2

  binaryen@131.0.0-nightly.20260721: {}

  long@5.3.2: {}

  vscode-jsonrpc@9.0.2: {}

  vscode-languageserver-protocol@3.18.3:
    dependencies:
      vscode-jsonrpc: 9.0.2
      vscode-languageserver-types: 3.18.3

  vscode-languageserver-textdocument@1.0.14: {}

  vscode-languageserver-types@3.18.3: {}

  vscode-languageserver@10.1.1:
    dependencies:
      vscode-languageserver-protocol: 3.18.3
